
Microsoft Visual Studio Solution File, Format Version 12.00
# Visual Studio 15
VisualStudioVersion = 15.0.27130.2027
MinimumVisualStudioVersion = 10.0.40219.1
Project("{2150E333-8FDC-42A3-9474-1A3956D46DE8}") = "Dsl", "Dsl", "{0124322E-2731-48E8-910C-957E37181628}"
EndProject
Project("{9A19103F-16F7-4668-BE54-9A1E7A4F7556}") = "Rhetos.Utilities", "Source\Rhetos.Utilities\Rhetos.Utilities.csproj", "{71E63722-57BC-41DF-9FF5-57ECC67E4BC1}"
EndProject
Project("{9A19103F-16F7-4668-BE54-9A1E7A4F7556}") = "Rhetos.Dsl", "Source\Rhetos.Dsl\Rhetos.Dsl.csproj", "{AA08ECFA-2AD6-4B0C-86B9-C5D8754A2073}"
EndProject
Project("{9A19103F-16F7-4668-BE54-9A1E7A4F7556}") = "Rhetos.Dsl.Interfaces", "Source\Rhetos.Dsl.Interfaces\Rhetos.Dsl.Interfaces.csproj", "{F4ACD412-2782-4191-8708-C7AE99B0CEE9}"
EndProject
Project("{9A19103F-16F7-4668-BE54-9A1E7A4F7556}") = "Rhetos.Utilities.Test", "Source\Rhetos.Utilities.Test\Rhetos.Utilities.Test.csproj", "{48196125-9AE3-40E5-8E0D-431B85083B7D}"
EndProject
Project("{9A19103F-16F7-4668-BE54-9A1E7A4F7556}") = "Rhetos.Dsl.Test", "Source\Rhetos.Dsl.Test\Rhetos.Dsl.Test.csproj", "{F54C8A50-8AB5-4F7E-A255-D6645A457E02}"
EndProject
Project("{9A19103F-16F7-4668-BE54-9A1E7A4F7556}") = "Rhetos.TestCommon", "Source\Rhetos.TestCommon\Rhetos.TestCommon.csproj", "{43BA178B-7642-473C-A43A-DBF58294635A}"
EndProject
Project("{2150E333-8FDC-42A3-9474-1A3956D46DE8}") = "Build", "Build", "{E693EAA4-7798-41E5-BC17-AC162C89C004}"
EndProject
Project("{9A19103F-16F7-4668-BE54-9A1E7A4F7556}") = "RhetosBuild", "Source\RhetosBuild\RhetosBuild.csproj", "{1072EFEA-8282-47AB-A5B8-9D97A08B5BDD}"
EndProject
Project("{9A19103F-16F7-4668-BE54-9A1E7A4F7556}") = "Rhetos.Intrefaces", "Source\Rhetos.Intrefaces\Rhetos.Intrefaces.csproj", "{B0441C39-CCD6-479A-B163-EA7B77B86086}"
EndProject
Project("{9A19103F-16F7-4668-BE54-9A1E7A4F7556}") = "Rhetos.Implementations", "Source\Rhetos.Implementations\Rhetos.Implementations.csproj", "{136283DC-C7B2-4B42-8592-60071982441A}"
EndProject
Project("{9A19103F-16F7-4668-BE54-9A1E7A4F7556}") = "Rhetos.Implementations.Test", "Rhetos.Implementations.Test\Rhetos.Implementations.Test.csproj", "{87545177-C0E1-4765-BDFA-493F03564CAD}"
EndProject
Project("{2150E333-8FDC-42A3-9474-1A3956D46DE8}") = "CommonConcepts", "CommonConcepts", "{B7F21A53-D29E-4015-ABEA-BD396FFBA5B9}"
EndProject
Project("{9A19103F-16F7-4668-BE54-9A1E7A4F7556}") = "Rhetos.Dsl.DefaultConcepts", "CommonConcepts\Plugins\Rhetos.Dsl.DefaultConcepts\Rhetos.Dsl.DefaultConcepts.csproj", "{B62FD524-D7B7-456C-BDD3-F7EE0D36140C}"
EndProject
Project("{9A19103F-16F7-4668-BE54-9A1E7A4F7556}") = "Rhetos.CodeGeneration", "Source\Rhetos.CodeGeneration\Rhetos.CodeGeneration.csproj", "{622FE6C3-FE34-4B66-A394-934FA1DF7918}"
EndProject
Project("{9A19103F-16F7-4668-BE54-9A1E7A4F7556}") = "Rhetos.CodeGeneration.Interfaces", "Source\Rhetos.CodeGeneration.Interfaces\Rhetos.CodeGeneration.Interfaces.csproj", "{833B2D9E-DFA7-4F2E-842A-ABB894F5EB57}"
EndProject
Project("{9A19103F-16F7-4668-BE54-9A1E7A4F7556}") = "Rhetos.Dom.DefaultConcepts", "Rhetos.Dom.DefaultConcepts\Rhetos.Dom.DefaultConcepts.csproj", "{D8030B9E-7F2E-4ECD-B3FB-2609C9341C09}"
EndProject
Project("{9A19103F-16F7-4668-BE54-9A1E7A4F7556}") = "Rhetos.Dom.Interfaces", "Rhetos.Dom.Interfaces\Rhetos.Dom.Interfaces.csproj", "{29B405E3-D449-4691-8149-1A3B6D336430}"
EndProject
Project("{9A19103F-16F7-4668-BE54-9A1E7A4F7556}") = "Rhetos.Dom", "Rhetos.Dom\Rhetos.Dom.csproj", "{15A898A0-FD93-4A33-9D9E-BB19E825AC66}"
EndProject
Project("{2150E333-8FDC-42A3-9474-1A3956D46DE8}") = "Database", "Database", "{6494F433-5ABC-498C-B1C3-6D755F344A7C}"
EndProject
Project("{9A19103F-16F7-4668-BE54-9A1E7A4F7556}") = "Rhetos.DatabaseGenerator", "Source\Rhetos.DatabaseGenerator\Rhetos.DatabaseGenerator.csproj", "{66278250-0CDF-4B2B-ACBA-1B264AF58721}"
EndProject
Project("{9A19103F-16F7-4668-BE54-9A1E7A4F7556}") = "Rhetos.DatabaseGenerator.Interfaces", "Source\Rhetos.DatabaseGenerator.Interfaces\Rhetos.DatabaseGenerator.Interfaces.csproj", "{8B209117-BA59-4645-AE05-8F3F1281E71A}"
EndProject
Project("{9A19103F-16F7-4668-BE54-9A1E7A4F7556}") = "Rhetos.Sql", "Source\Rhetos.Sql\Rhetos.Sql.csproj", "{5EB65DEA-7270-4BB9-A888-0AA6A319BD62}"
EndProject
Global
	GlobalSection(SolutionConfigurationPlatforms) = preSolution
		CodeAnalysis|Any CPU = CodeAnalysis|Any CPU
		CodeAnalysis|Mixed Platforms = CodeAnalysis|Mixed Platforms
		CodeAnalysis|x86 = CodeAnalysis|x86
		Debug|Any CPU = Debug|Any CPU
		Debug|Mixed Platforms = Debug|Mixed Platforms
		Debug|x86 = Debug|x86
		Release|Any CPU = Release|Any CPU
		Release|Mixed Platforms = Release|Mixed Platforms
		Release|x86 = Release|x86
	EndGlobalSection
	GlobalSection(ProjectConfigurationPlatforms) = postSolution
		{71E63722-57BC-41DF-9FF5-57ECC67E4BC1}.CodeAnalysis|Any CPU.ActiveCfg = Release|Any CPU
		{71E63722-57BC-41DF-9FF5-57ECC67E4BC1}.CodeAnalysis|Any CPU.Build.0 = Release|Any CPU
		{71E63722-57BC-41DF-9FF5-57ECC67E4BC1}.CodeAnalysis|Mixed Platforms.ActiveCfg = Release|Any CPU
		{71E63722-57BC-41DF-9FF5-57ECC67E4BC1}.CodeAnalysis|Mixed Platforms.Build.0 = Release|Any CPU
		{71E63722-57BC-41DF-9FF5-57ECC67E4BC1}.CodeAnalysis|x86.ActiveCfg = Release|Any CPU
		{71E63722-57BC-41DF-9FF5-57ECC67E4BC1}.CodeAnalysis|x86.Build.0 = Release|Any CPU
		{71E63722-57BC-41DF-9FF5-57ECC67E4BC1}.Debug|Any CPU.ActiveCfg = Debug|Any CPU
		{71E63722-57BC-41DF-9FF5-57ECC67E4BC1}.Debug|Any CPU.Build.0 = Debug|Any CPU
		{71E63722-57BC-41DF-9FF5-57ECC67E4BC1}.Debug|Mixed Platforms.ActiveCfg = Debug|Any CPU
		{71E63722-57BC-41DF-9FF5-57ECC67E4BC1}.Debug|Mixed Platforms.Build.0 = Debug|Any CPU
		{71E63722-57BC-41DF-9FF5-57ECC67E4BC1}.Debug|x86.ActiveCfg = Debug|Any CPU
		{71E63722-57BC-41DF-9FF5-57ECC67E4BC1}.Release|Any CPU.ActiveCfg = Release|Any CPU
		{71E63722-57BC-41DF-9FF5-57ECC67E4BC1}.Release|Any CPU.Build.0 = Release|Any CPU
		{71E63722-57BC-41DF-9FF5-57ECC67E4BC1}.Release|Mixed Platforms.ActiveCfg = Release|Any CPU
		{71E63722-57BC-41DF-9FF5-57ECC67E4BC1}.Release|Mixed Platforms.Build.0 = Release|Any CPU
		{71E63722-57BC-41DF-9FF5-57ECC67E4BC1}.Release|x86.ActiveCfg = Release|Any CPU
		{AA08ECFA-2AD6-4B0C-86B9-C5D8754A2073}.CodeAnalysis|Any CPU.ActiveCfg = Release|Any CPU
		{AA08ECFA-2AD6-4B0C-86B9-C5D8754A2073}.CodeAnalysis|Any CPU.Build.0 = Release|Any CPU
		{AA08ECFA-2AD6-4B0C-86B9-C5D8754A2073}.CodeAnalysis|Mixed Platforms.ActiveCfg = Release|Any CPU
		{AA08ECFA-2AD6-4B0C-86B9-C5D8754A2073}.CodeAnalysis|Mixed Platforms.Build.0 = Release|Any CPU
		{AA08ECFA-2AD6-4B0C-86B9-C5D8754A2073}.CodeAnalysis|x86.ActiveCfg = Release|Any CPU
		{AA08ECFA-2AD6-4B0C-86B9-C5D8754A2073}.CodeAnalysis|x86.Build.0 = Release|Any CPU
		{AA08ECFA-2AD6-4B0C-86B9-C5D8754A2073}.Debug|Any CPU.ActiveCfg = Debug|Any CPU
		{AA08ECFA-2AD6-4B0C-86B9-C5D8754A2073}.Debug|Any CPU.Build.0 = Debug|Any CPU
		{AA08ECFA-2AD6-4B0C-86B9-C5D8754A2073}.Debug|Mixed Platforms.ActiveCfg = Debug|Any CPU
		{AA08ECFA-2AD6-4B0C-86B9-C5D8754A2073}.Debug|Mixed Platforms.Build.0 = Debug|Any CPU
		{AA08ECFA-2AD6-4B0C-86B9-C5D8754A2073}.Debug|x86.ActiveCfg = Debug|Any CPU
		{AA08ECFA-2AD6-4B0C-86B9-C5D8754A2073}.Release|Any CPU.ActiveCfg = Release|Any CPU
		{AA08ECFA-2AD6-4B0C-86B9-C5D8754A2073}.Release|Any CPU.Build.0 = Release|Any CPU
		{AA08ECFA-2AD6-4B0C-86B9-C5D8754A2073}.Release|Mixed Platforms.ActiveCfg = Release|Any CPU
		{AA08ECFA-2AD6-4B0C-86B9-C5D8754A2073}.Release|Mixed Platforms.Build.0 = Release|Any CPU
		{AA08ECFA-2AD6-4B0C-86B9-C5D8754A2073}.Release|x86.ActiveCfg = Release|Any CPU
		{F4ACD412-2782-4191-8708-C7AE99B0CEE9}.CodeAnalysis|Any CPU.ActiveCfg = Release|Any CPU
		{F4ACD412-2782-4191-8708-C7AE99B0CEE9}.CodeAnalysis|Any CPU.Build.0 = Release|Any CPU
		{F4ACD412-2782-4191-8708-C7AE99B0CEE9}.CodeAnalysis|Mixed Platforms.ActiveCfg = Release|Any CPU
		{F4ACD412-2782-4191-8708-C7AE99B0CEE9}.CodeAnalysis|Mixed Platforms.Build.0 = Release|Any CPU
		{F4ACD412-2782-4191-8708-C7AE99B0CEE9}.CodeAnalysis|x86.ActiveCfg = Release|Any CPU
		{F4ACD412-2782-4191-8708-C7AE99B0CEE9}.CodeAnalysis|x86.Build.0 = Release|Any CPU
		{F4ACD412-2782-4191-8708-C7AE99B0CEE9}.Debug|Any CPU.ActiveCfg = Debug|Any CPU
		{F4ACD412-2782-4191-8708-C7AE99B0CEE9}.Debug|Any CPU.Build.0 = Debug|Any CPU
		{F4ACD412-2782-4191-8708-C7AE99B0CEE9}.Debug|Mixed Platforms.ActiveCfg = Debug|Any CPU
		{F4ACD412-2782-4191-8708-C7AE99B0CEE9}.Debug|Mixed Platforms.Build.0 = Debug|Any CPU
		{F4ACD412-2782-4191-8708-C7AE99B0CEE9}.Debug|x86.ActiveCfg = Debug|Any CPU
		{F4ACD412-2782-4191-8708-C7AE99B0CEE9}.Release|Any CPU.ActiveCfg = Release|Any CPU
		{F4ACD412-2782-4191-8708-C7AE99B0CEE9}.Release|Any CPU.Build.0 = Release|Any CPU
		{F4ACD412-2782-4191-8708-C7AE99B0CEE9}.Release|Mixed Platforms.ActiveCfg = Release|Any CPU
		{F4ACD412-2782-4191-8708-C7AE99B0CEE9}.Release|Mixed Platforms.Build.0 = Release|Any CPU
		{F4ACD412-2782-4191-8708-C7AE99B0CEE9}.Release|x86.ActiveCfg = Release|Any CPU
		{48196125-9AE3-40E5-8E0D-431B85083B7D}.CodeAnalysis|Any CPU.ActiveCfg = Release|Any CPU
		{48196125-9AE3-40E5-8E0D-431B85083B7D}.CodeAnalysis|Any CPU.Build.0 = Release|Any CPU
		{48196125-9AE3-40E5-8E0D-431B85083B7D}.CodeAnalysis|Mixed Platforms.ActiveCfg = Debug|Any CPU
		{48196125-9AE3-40E5-8E0D-431B85083B7D}.CodeAnalysis|x86.ActiveCfg = Release|Any CPU
		{48196125-9AE3-40E5-8E0D-431B85083B7D}.Debug|Any CPU.ActiveCfg = Debug|Any CPU
		{48196125-9AE3-40E5-8E0D-431B85083B7D}.Debug|Any CPU.Build.0 = Debug|Any CPU
		{48196125-9AE3-40E5-8E0D-431B85083B7D}.Debug|Mixed Platforms.ActiveCfg = Debug|Any CPU
		{48196125-9AE3-40E5-8E0D-431B85083B7D}.Debug|Mixed Platforms.Build.0 = Debug|Any CPU
		{48196125-9AE3-40E5-8E0D-431B85083B7D}.Debug|x86.ActiveCfg = Debug|Any CPU
		{48196125-9AE3-40E5-8E0D-431B85083B7D}.Release|Any CPU.ActiveCfg = Release|Any CPU
		{48196125-9AE3-40E5-8E0D-431B85083B7D}.Release|Any CPU.Build.0 = Release|Any CPU
		{48196125-9AE3-40E5-8E0D-431B85083B7D}.Release|Mixed Platforms.ActiveCfg = Release|Any CPU
		{48196125-9AE3-40E5-8E0D-431B85083B7D}.Release|Mixed Platforms.Build.0 = Release|Any CPU
		{48196125-9AE3-40E5-8E0D-431B85083B7D}.Release|x86.ActiveCfg = Release|Any CPU
		{F54C8A50-8AB5-4F7E-A255-D6645A457E02}.CodeAnalysis|Any CPU.ActiveCfg = Release|Any CPU
		{F54C8A50-8AB5-4F7E-A255-D6645A457E02}.CodeAnalysis|Any CPU.Build.0 = Release|Any CPU
		{F54C8A50-8AB5-4F7E-A255-D6645A457E02}.CodeAnalysis|Mixed Platforms.ActiveCfg = Debug|Any CPU
		{F54C8A50-8AB5-4F7E-A255-D6645A457E02}.CodeAnalysis|x86.ActiveCfg = Release|Any CPU
		{F54C8A50-8AB5-4F7E-A255-D6645A457E02}.Debug|Any CPU.ActiveCfg = Debug|Any CPU
		{F54C8A50-8AB5-4F7E-A255-D6645A457E02}.Debug|Any CPU.Build.0 = Debug|Any CPU
		{F54C8A50-8AB5-4F7E-A255-D6645A457E02}.Debug|Mixed Platforms.ActiveCfg = Debug|Any CPU
		{F54C8A50-8AB5-4F7E-A255-D6645A457E02}.Debug|Mixed Platforms.Build.0 = Debug|Any CPU
		{F54C8A50-8AB5-4F7E-A255-D6645A457E02}.Debug|x86.ActiveCfg = Debug|Any CPU
		{F54C8A50-8AB5-4F7E-A255-D6645A457E02}.Release|Any CPU.ActiveCfg = Release|Any CPU
		{F54C8A50-8AB5-4F7E-A255-D6645A457E02}.Release|Any CPU.Build.0 = Release|Any CPU
		{F54C8A50-8AB5-4F7E-A255-D6645A457E02}.Release|Mixed Platforms.ActiveCfg = Release|Any CPU
		{F54C8A50-8AB5-4F7E-A255-D6645A457E02}.Release|Mixed Platforms.Build.0 = Release|Any CPU
		{F54C8A50-8AB5-4F7E-A255-D6645A457E02}.Release|x86.ActiveCfg = Release|Any CPU
		{43BA178B-7642-473C-A43A-DBF58294635A}.CodeAnalysis|Any CPU.ActiveCfg = Release|Any CPU
		{43BA178B-7642-473C-A43A-DBF58294635A}.CodeAnalysis|Any CPU.Build.0 = Release|Any CPU
		{43BA178B-7642-473C-A43A-DBF58294635A}.CodeAnalysis|Mixed Platforms.ActiveCfg = Release|Any CPU
		{43BA178B-7642-473C-A43A-DBF58294635A}.CodeAnalysis|Mixed Platforms.Build.0 = Release|Any CPU
		{43BA178B-7642-473C-A43A-DBF58294635A}.CodeAnalysis|x86.ActiveCfg = Release|Any CPU
		{43BA178B-7642-473C-A43A-DBF58294635A}.Debug|Any CPU.ActiveCfg = Debug|Any CPU
		{43BA178B-7642-473C-A43A-DBF58294635A}.Debug|Any CPU.Build.0 = Debug|Any CPU
		{43BA178B-7642-473C-A43A-DBF58294635A}.Debug|Mixed Platforms.ActiveCfg = Debug|Any CPU
		{43BA178B-7642-473C-A43A-DBF58294635A}.Debug|x86.ActiveCfg = Debug|Any CPU
		{43BA178B-7642-473C-A43A-DBF58294635A}.Release|Any CPU.ActiveCfg = Release|Any CPU
		{43BA178B-7642-473C-A43A-DBF58294635A}.Release|Any CPU.Build.0 = Release|Any CPU
		{43BA178B-7642-473C-A43A-DBF58294635A}.Release|Mixed Platforms.ActiveCfg = Release|Any CPU
		{43BA178B-7642-473C-A43A-DBF58294635A}.Release|Mixed Platforms.Build.0 = Release|Any CPU
		{43BA178B-7642-473C-A43A-DBF58294635A}.Release|x86.ActiveCfg = Release|Any CPU
		{1072EFEA-8282-47AB-A5B8-9D97A08B5BDD}.CodeAnalysis|Any CPU.ActiveCfg = Debug|Any CPU
		{1072EFEA-8282-47AB-A5B8-9D97A08B5BDD}.CodeAnalysis|Any CPU.Build.0 = Debug|Any CPU
		{1072EFEA-8282-47AB-A5B8-9D97A08B5BDD}.CodeAnalysis|Mixed Platforms.ActiveCfg = Debug|Any CPU
		{1072EFEA-8282-47AB-A5B8-9D97A08B5BDD}.CodeAnalysis|Mixed Platforms.Build.0 = Debug|Any CPU
		{1072EFEA-8282-47AB-A5B8-9D97A08B5BDD}.CodeAnalysis|x86.ActiveCfg = Debug|Any CPU
		{1072EFEA-8282-47AB-A5B8-9D97A08B5BDD}.CodeAnalysis|x86.Build.0 = Debug|Any CPU
		{1072EFEA-8282-47AB-A5B8-9D97A08B5BDD}.Debug|Any CPU.ActiveCfg = Debug|Any CPU
		{1072EFEA-8282-47AB-A5B8-9D97A08B5BDD}.Debug|Any CPU.Build.0 = Debug|Any CPU
		{1072EFEA-8282-47AB-A5B8-9D97A08B5BDD}.Debug|Mixed Platforms.ActiveCfg = Debug|Any CPU
		{1072EFEA-8282-47AB-A5B8-9D97A08B5BDD}.Debug|Mixed Platforms.Build.0 = Debug|Any CPU
		{1072EFEA-8282-47AB-A5B8-9D97A08B5BDD}.Debug|x86.ActiveCfg = Debug|Any CPU
		{1072EFEA-8282-47AB-A5B8-9D97A08B5BDD}.Debug|x86.Build.0 = Debug|Any CPU
		{1072EFEA-8282-47AB-A5B8-9D97A08B5BDD}.Release|Any CPU.ActiveCfg = Release|Any CPU
		{1072EFEA-8282-47AB-A5B8-9D97A08B5BDD}.Release|Any CPU.Build.0 = Release|Any CPU
		{1072EFEA-8282-47AB-A5B8-9D97A08B5BDD}.Release|Mixed Platforms.ActiveCfg = Release|Any CPU
		{1072EFEA-8282-47AB-A5B8-9D97A08B5BDD}.Release|Mixed Platforms.Build.0 = Release|Any CPU
		{1072EFEA-8282-47AB-A5B8-9D97A08B5BDD}.Release|x86.ActiveCfg = Release|Any CPU
		{1072EFEA-8282-47AB-A5B8-9D97A08B5BDD}.Release|x86.Build.0 = Release|Any CPU
		{B0441C39-CCD6-479A-B163-EA7B77B86086}.CodeAnalysis|Any CPU.ActiveCfg = Debug|Any CPU
		{B0441C39-CCD6-479A-B163-EA7B77B86086}.CodeAnalysis|Any CPU.Build.0 = Debug|Any CPU
		{B0441C39-CCD6-479A-B163-EA7B77B86086}.CodeAnalysis|Mixed Platforms.ActiveCfg = Debug|Any CPU
		{B0441C39-CCD6-479A-B163-EA7B77B86086}.CodeAnalysis|Mixed Platforms.Build.0 = Debug|Any CPU
		{B0441C39-CCD6-479A-B163-EA7B77B86086}.CodeAnalysis|x86.ActiveCfg = Debug|Any CPU
		{B0441C39-CCD6-479A-B163-EA7B77B86086}.CodeAnalysis|x86.Build.0 = Debug|Any CPU
		{B0441C39-CCD6-479A-B163-EA7B77B86086}.Debug|Any CPU.ActiveCfg = Debug|Any CPU
		{B0441C39-CCD6-479A-B163-EA7B77B86086}.Debug|Any CPU.Build.0 = Debug|Any CPU
		{B0441C39-CCD6-479A-B163-EA7B77B86086}.Debug|Mixed Platforms.ActiveCfg = Debug|Any CPU
		{B0441C39-CCD6-479A-B163-EA7B77B86086}.Debug|Mixed Platforms.Build.0 = Debug|Any CPU
		{B0441C39-CCD6-479A-B163-EA7B77B86086}.Debug|x86.ActiveCfg = Debug|Any CPU
		{B0441C39-CCD6-479A-B163-EA7B77B86086}.Debug|x86.Build.0 = Debug|Any CPU
		{B0441C39-CCD6-479A-B163-EA7B77B86086}.Release|Any CPU.ActiveCfg = Release|Any CPU
		{B0441C39-CCD6-479A-B163-EA7B77B86086}.Release|Any CPU.Build.0 = Release|Any CPU
		{B0441C39-CCD6-479A-B163-EA7B77B86086}.Release|Mixed Platforms.ActiveCfg = Release|Any CPU
		{B0441C39-CCD6-479A-B163-EA7B77B86086}.Release|Mixed Platforms.Build.0 = Release|Any CPU
		{B0441C39-CCD6-479A-B163-EA7B77B86086}.Release|x86.ActiveCfg = Release|Any CPU
		{B0441C39-CCD6-479A-B163-EA7B77B86086}.Release|x86.Build.0 = Release|Any CPU
		{136283DC-C7B2-4B42-8592-60071982441A}.CodeAnalysis|Any CPU.ActiveCfg = Debug|Any CPU
		{136283DC-C7B2-4B42-8592-60071982441A}.CodeAnalysis|Any CPU.Build.0 = Debug|Any CPU
		{136283DC-C7B2-4B42-8592-60071982441A}.CodeAnalysis|Mixed Platforms.ActiveCfg = Debug|Any CPU
		{136283DC-C7B2-4B42-8592-60071982441A}.CodeAnalysis|Mixed Platforms.Build.0 = Debug|Any CPU
		{136283DC-C7B2-4B42-8592-60071982441A}.CodeAnalysis|x86.ActiveCfg = Debug|Any CPU
		{136283DC-C7B2-4B42-8592-60071982441A}.CodeAnalysis|x86.Build.0 = Debug|Any CPU
		{136283DC-C7B2-4B42-8592-60071982441A}.Debug|Any CPU.ActiveCfg = Debug|Any CPU
		{136283DC-C7B2-4B42-8592-60071982441A}.Debug|Any CPU.Build.0 = Debug|Any CPU
		{136283DC-C7B2-4B42-8592-60071982441A}.Debug|Mixed Platforms.ActiveCfg = Debug|Any CPU
		{136283DC-C7B2-4B42-8592-60071982441A}.Debug|Mixed Platforms.Build.0 = Debug|Any CPU
		{136283DC-C7B2-4B42-8592-60071982441A}.Debug|x86.ActiveCfg = Debug|Any CPU
		{136283DC-C7B2-4B42-8592-60071982441A}.Debug|x86.Build.0 = Debug|Any CPU
		{136283DC-C7B2-4B42-8592-60071982441A}.Release|Any CPU.ActiveCfg = Release|Any CPU
		{136283DC-C7B2-4B42-8592-60071982441A}.Release|Any CPU.Build.0 = Release|Any CPU
		{136283DC-C7B2-4B42-8592-60071982441A}.Release|Mixed Platforms.ActiveCfg = Release|Any CPU
		{136283DC-C7B2-4B42-8592-60071982441A}.Release|Mixed Platforms.Build.0 = Release|Any CPU
		{136283DC-C7B2-4B42-8592-60071982441A}.Release|x86.ActiveCfg = Release|Any CPU
		{136283DC-C7B2-4B42-8592-60071982441A}.Release|x86.Build.0 = Release|Any CPU
		{87545177-C0E1-4765-BDFA-493F03564CAD}.CodeAnalysis|Any CPU.ActiveCfg = Debug|Any CPU
		{87545177-C0E1-4765-BDFA-493F03564CAD}.CodeAnalysis|Any CPU.Build.0 = Debug|Any CPU
		{87545177-C0E1-4765-BDFA-493F03564CAD}.CodeAnalysis|Mixed Platforms.ActiveCfg = Debug|Any CPU
		{87545177-C0E1-4765-BDFA-493F03564CAD}.CodeAnalysis|Mixed Platforms.Build.0 = Debug|Any CPU
		{87545177-C0E1-4765-BDFA-493F03564CAD}.CodeAnalysis|x86.ActiveCfg = Debug|Any CPU
		{87545177-C0E1-4765-BDFA-493F03564CAD}.CodeAnalysis|x86.Build.0 = Debug|Any CPU
		{87545177-C0E1-4765-BDFA-493F03564CAD}.Debug|Any CPU.ActiveCfg = Debug|Any CPU
		{87545177-C0E1-4765-BDFA-493F03564CAD}.Debug|Any CPU.Build.0 = Debug|Any CPU
		{87545177-C0E1-4765-BDFA-493F03564CAD}.Debug|Mixed Platforms.ActiveCfg = Debug|Any CPU
		{87545177-C0E1-4765-BDFA-493F03564CAD}.Debug|Mixed Platforms.Build.0 = Debug|Any CPU
		{87545177-C0E1-4765-BDFA-493F03564CAD}.Debug|x86.ActiveCfg = Debug|Any CPU
		{87545177-C0E1-4765-BDFA-493F03564CAD}.Debug|x86.Build.0 = Debug|Any CPU
		{87545177-C0E1-4765-BDFA-493F03564CAD}.Release|Any CPU.ActiveCfg = Release|Any CPU
		{87545177-C0E1-4765-BDFA-493F03564CAD}.Release|Any CPU.Build.0 = Release|Any CPU
		{87545177-C0E1-4765-BDFA-493F03564CAD}.Release|Mixed Platforms.ActiveCfg = Release|Any CPU
		{87545177-C0E1-4765-BDFA-493F03564CAD}.Release|Mixed Platforms.Build.0 = Release|Any CPU
		{87545177-C0E1-4765-BDFA-493F03564CAD}.Release|x86.ActiveCfg = Release|Any CPU
		{87545177-C0E1-4765-BDFA-493F03564CAD}.Release|x86.Build.0 = Release|Any CPU
		{B62FD524-D7B7-456C-BDD3-F7EE0D36140C}.CodeAnalysis|Any CPU.ActiveCfg = Debug|Any CPU
		{B62FD524-D7B7-456C-BDD3-F7EE0D36140C}.CodeAnalysis|Any CPU.Build.0 = Debug|Any CPU
		{B62FD524-D7B7-456C-BDD3-F7EE0D36140C}.CodeAnalysis|Mixed Platforms.ActiveCfg = Debug|Any CPU
		{B62FD524-D7B7-456C-BDD3-F7EE0D36140C}.CodeAnalysis|Mixed Platforms.Build.0 = Debug|Any CPU
		{B62FD524-D7B7-456C-BDD3-F7EE0D36140C}.CodeAnalysis|x86.ActiveCfg = Debug|Any CPU
		{B62FD524-D7B7-456C-BDD3-F7EE0D36140C}.CodeAnalysis|x86.Build.0 = Debug|Any CPU
		{B62FD524-D7B7-456C-BDD3-F7EE0D36140C}.Debug|Any CPU.ActiveCfg = Debug|Any CPU
		{B62FD524-D7B7-456C-BDD3-F7EE0D36140C}.Debug|Any CPU.Build.0 = Debug|Any CPU
		{B62FD524-D7B7-456C-BDD3-F7EE0D36140C}.Debug|Mixed Platforms.ActiveCfg = Debug|Any CPU
		{B62FD524-D7B7-456C-BDD3-F7EE0D36140C}.Debug|Mixed Platforms.Build.0 = Debug|Any CPU
		{B62FD524-D7B7-456C-BDD3-F7EE0D36140C}.Debug|x86.ActiveCfg = Debug|Any CPU
		{B62FD524-D7B7-456C-BDD3-F7EE0D36140C}.Debug|x86.Build.0 = Debug|Any CPU
		{B62FD524-D7B7-456C-BDD3-F7EE0D36140C}.Release|Any CPU.ActiveCfg = Release|Any CPU
		{B62FD524-D7B7-456C-BDD3-F7EE0D36140C}.Release|Any CPU.Build.0 = Release|Any CPU
		{B62FD524-D7B7-456C-BDD3-F7EE0D36140C}.Release|Mixed Platforms.ActiveCfg = Release|Any CPU
		{B62FD524-D7B7-456C-BDD3-F7EE0D36140C}.Release|Mixed Platforms.Build.0 = Release|Any CPU
		{B62FD524-D7B7-456C-BDD3-F7EE0D36140C}.Release|x86.ActiveCfg = Release|Any CPU
		{B62FD524-D7B7-456C-BDD3-F7EE0D36140C}.Release|x86.Build.0 = Release|Any CPU
		{622FE6C3-FE34-4B66-A394-934FA1DF7918}.CodeAnalysis|Any CPU.ActiveCfg = Debug|Any CPU
		{622FE6C3-FE34-4B66-A394-934FA1DF7918}.CodeAnalysis|Any CPU.Build.0 = Debug|Any CPU
		{622FE6C3-FE34-4B66-A394-934FA1DF7918}.CodeAnalysis|Mixed Platforms.ActiveCfg = Debug|Any CPU
		{622FE6C3-FE34-4B66-A394-934FA1DF7918}.CodeAnalysis|Mixed Platforms.Build.0 = Debug|Any CPU
		{622FE6C3-FE34-4B66-A394-934FA1DF7918}.CodeAnalysis|x86.ActiveCfg = Debug|Any CPU
		{622FE6C3-FE34-4B66-A394-934FA1DF7918}.CodeAnalysis|x86.Build.0 = Debug|Any CPU
		{622FE6C3-FE34-4B66-A394-934FA1DF7918}.Debug|Any CPU.ActiveCfg = Debug|Any CPU
		{622FE6C3-FE34-4B66-A394-934FA1DF7918}.Debug|Any CPU.Build.0 = Debug|Any CPU
		{622FE6C3-FE34-4B66-A394-934FA1DF7918}.Debug|Mixed Platforms.ActiveCfg = Debug|Any CPU
		{622FE6C3-FE34-4B66-A394-934FA1DF7918}.Debug|Mixed Platforms.Build.0 = Debug|Any CPU
		{622FE6C3-FE34-4B66-A394-934FA1DF7918}.Debug|x86.ActiveCfg = Debug|Any CPU
		{622FE6C3-FE34-4B66-A394-934FA1DF7918}.Debug|x86.Build.0 = Debug|Any CPU
		{622FE6C3-FE34-4B66-A394-934FA1DF7918}.Release|Any CPU.ActiveCfg = Release|Any CPU
		{622FE6C3-FE34-4B66-A394-934FA1DF7918}.Release|Any CPU.Build.0 = Release|Any CPU
		{622FE6C3-FE34-4B66-A394-934FA1DF7918}.Release|Mixed Platforms.ActiveCfg = Release|Any CPU
		{622FE6C3-FE34-4B66-A394-934FA1DF7918}.Release|Mixed Platforms.Build.0 = Release|Any CPU
		{622FE6C3-FE34-4B66-A394-934FA1DF7918}.Release|x86.ActiveCfg = Release|Any CPU
		{622FE6C3-FE34-4B66-A394-934FA1DF7918}.Release|x86.Build.0 = Release|Any CPU
		{833B2D9E-DFA7-4F2E-842A-ABB894F5EB57}.CodeAnalysis|Any CPU.ActiveCfg = Debug|Any CPU
		{833B2D9E-DFA7-4F2E-842A-ABB894F5EB57}.CodeAnalysis|Any CPU.Build.0 = Debug|Any CPU
		{833B2D9E-DFA7-4F2E-842A-ABB894F5EB57}.CodeAnalysis|Mixed Platforms.ActiveCfg = Debug|Any CPU
		{833B2D9E-DFA7-4F2E-842A-ABB894F5EB57}.CodeAnalysis|Mixed Platforms.Build.0 = Debug|Any CPU
		{833B2D9E-DFA7-4F2E-842A-ABB894F5EB57}.CodeAnalysis|x86.ActiveCfg = Debug|Any CPU
		{833B2D9E-DFA7-4F2E-842A-ABB894F5EB57}.CodeAnalysis|x86.Build.0 = Debug|Any CPU
		{833B2D9E-DFA7-4F2E-842A-ABB894F5EB57}.Debug|Any CPU.ActiveCfg = Debug|Any CPU
		{833B2D9E-DFA7-4F2E-842A-ABB894F5EB57}.Debug|Any CPU.Build.0 = Debug|Any CPU
		{833B2D9E-DFA7-4F2E-842A-ABB894F5EB57}.Debug|Mixed Platforms.ActiveCfg = Debug|Any CPU
		{833B2D9E-DFA7-4F2E-842A-ABB894F5EB57}.Debug|Mixed Platforms.Build.0 = Debug|Any CPU
		{833B2D9E-DFA7-4F2E-842A-ABB894F5EB57}.Debug|x86.ActiveCfg = Debug|Any CPU
		{833B2D9E-DFA7-4F2E-842A-ABB894F5EB57}.Debug|x86.Build.0 = Debug|Any CPU
		{833B2D9E-DFA7-4F2E-842A-ABB894F5EB57}.Release|Any CPU.ActiveCfg = Release|Any CPU
		{833B2D9E-DFA7-4F2E-842A-ABB894F5EB57}.Release|Any CPU.Build.0 = Release|Any CPU
		{833B2D9E-DFA7-4F2E-842A-ABB894F5EB57}.Release|Mixed Platforms.ActiveCfg = Release|Any CPU
		{833B2D9E-DFA7-4F2E-842A-ABB894F5EB57}.Release|Mixed Platforms.Build.0 = Release|Any CPU
		{833B2D9E-DFA7-4F2E-842A-ABB894F5EB57}.Release|x86.ActiveCfg = Release|Any CPU
		{833B2D9E-DFA7-4F2E-842A-ABB894F5EB57}.Release|x86.Build.0 = Release|Any CPU
		{D8030B9E-7F2E-4ECD-B3FB-2609C9341C09}.CodeAnalysis|Any CPU.ActiveCfg = Debug|Any CPU
		{D8030B9E-7F2E-4ECD-B3FB-2609C9341C09}.CodeAnalysis|Any CPU.Build.0 = Debug|Any CPU
		{D8030B9E-7F2E-4ECD-B3FB-2609C9341C09}.CodeAnalysis|Mixed Platforms.ActiveCfg = Debug|Any CPU
		{D8030B9E-7F2E-4ECD-B3FB-2609C9341C09}.CodeAnalysis|Mixed Platforms.Build.0 = Debug|Any CPU
		{D8030B9E-7F2E-4ECD-B3FB-2609C9341C09}.CodeAnalysis|x86.ActiveCfg = Debug|Any CPU
		{D8030B9E-7F2E-4ECD-B3FB-2609C9341C09}.CodeAnalysis|x86.Build.0 = Debug|Any CPU
		{D8030B9E-7F2E-4ECD-B3FB-2609C9341C09}.Debug|Any CPU.ActiveCfg = Debug|Any CPU
		{D8030B9E-7F2E-4ECD-B3FB-2609C9341C09}.Debug|Any CPU.Build.0 = Debug|Any CPU
		{D8030B9E-7F2E-4ECD-B3FB-2609C9341C09}.Debug|Mixed Platforms.ActiveCfg = Debug|Any CPU
		{D8030B9E-7F2E-4ECD-B3FB-2609C9341C09}.Debug|Mixed Platforms.Build.0 = Debug|Any CPU
		{D8030B9E-7F2E-4ECD-B3FB-2609C9341C09}.Debug|x86.ActiveCfg = Debug|Any CPU
		{D8030B9E-7F2E-4ECD-B3FB-2609C9341C09}.Debug|x86.Build.0 = Debug|Any CPU
		{D8030B9E-7F2E-4ECD-B3FB-2609C9341C09}.Release|Any CPU.ActiveCfg = Release|Any CPU
		{D8030B9E-7F2E-4ECD-B3FB-2609C9341C09}.Release|Any CPU.Build.0 = Release|Any CPU
		{D8030B9E-7F2E-4ECD-B3FB-2609C9341C09}.Release|Mixed Platforms.ActiveCfg = Release|Any CPU
		{D8030B9E-7F2E-4ECD-B3FB-2609C9341C09}.Release|Mixed Platforms.Build.0 = Release|Any CPU
		{D8030B9E-7F2E-4ECD-B3FB-2609C9341C09}.Release|x86.ActiveCfg = Release|Any CPU
		{D8030B9E-7F2E-4ECD-B3FB-2609C9341C09}.Release|x86.Build.0 = Release|Any CPU
		{29B405E3-D449-4691-8149-1A3B6D336430}.CodeAnalysis|Any CPU.ActiveCfg = Debug|Any CPU
		{29B405E3-D449-4691-8149-1A3B6D336430}.CodeAnalysis|Any CPU.Build.0 = Debug|Any CPU
		{29B405E3-D449-4691-8149-1A3B6D336430}.CodeAnalysis|Mixed Platforms.ActiveCfg = Debug|Any CPU
		{29B405E3-D449-4691-8149-1A3B6D336430}.CodeAnalysis|Mixed Platforms.Build.0 = Debug|Any CPU
		{29B405E3-D449-4691-8149-1A3B6D336430}.CodeAnalysis|x86.ActiveCfg = Debug|Any CPU
		{29B405E3-D449-4691-8149-1A3B6D336430}.CodeAnalysis|x86.Build.0 = Debug|Any CPU
		{29B405E3-D449-4691-8149-1A3B6D336430}.Debug|Any CPU.ActiveCfg = Debug|Any CPU
		{29B405E3-D449-4691-8149-1A3B6D336430}.Debug|Any CPU.Build.0 = Debug|Any CPU
		{29B405E3-D449-4691-8149-1A3B6D336430}.Debug|Mixed Platforms.ActiveCfg = Debug|Any CPU
		{29B405E3-D449-4691-8149-1A3B6D336430}.Debug|Mixed Platforms.Build.0 = Debug|Any CPU
		{29B405E3-D449-4691-8149-1A3B6D336430}.Debug|x86.ActiveCfg = Debug|Any CPU
		{29B405E3-D449-4691-8149-1A3B6D336430}.Debug|x86.Build.0 = Debug|Any CPU
		{29B405E3-D449-4691-8149-1A3B6D336430}.Release|Any CPU.ActiveCfg = Release|Any CPU
		{29B405E3-D449-4691-8149-1A3B6D336430}.Release|Any CPU.Build.0 = Release|Any CPU
		{29B405E3-D449-4691-8149-1A3B6D336430}.Release|Mixed Platforms.ActiveCfg = Release|Any CPU
		{29B405E3-D449-4691-8149-1A3B6D336430}.Release|Mixed Platforms.Build.0 = Release|Any CPU
		{29B405E3-D449-4691-8149-1A3B6D336430}.Release|x86.ActiveCfg = Release|Any CPU
		{29B405E3-D449-4691-8149-1A3B6D336430}.Release|x86.Build.0 = Release|Any CPU
		{15A898A0-FD93-4A33-9D9E-BB19E825AC66}.CodeAnalysis|Any CPU.ActiveCfg = Debug|Any CPU
		{15A898A0-FD93-4A33-9D9E-BB19E825AC66}.CodeAnalysis|Any CPU.Build.0 = Debug|Any CPU
		{15A898A0-FD93-4A33-9D9E-BB19E825AC66}.CodeAnalysis|Mixed Platforms.ActiveCfg = Debug|Any CPU
		{15A898A0-FD93-4A33-9D9E-BB19E825AC66}.CodeAnalysis|Mixed Platforms.Build.0 = Debug|Any CPU
		{15A898A0-FD93-4A33-9D9E-BB19E825AC66}.CodeAnalysis|x86.ActiveCfg = Debug|Any CPU
		{15A898A0-FD93-4A33-9D9E-BB19E825AC66}.CodeAnalysis|x86.Build.0 = Debug|Any CPU
		{15A898A0-FD93-4A33-9D9E-BB19E825AC66}.Debug|Any CPU.ActiveCfg = Debug|Any CPU
		{15A898A0-FD93-4A33-9D9E-BB19E825AC66}.Debug|Any CPU.Build.0 = Debug|Any CPU
		{15A898A0-FD93-4A33-9D9E-BB19E825AC66}.Debug|Mixed Platforms.ActiveCfg = Debug|Any CPU
		{15A898A0-FD93-4A33-9D9E-BB19E825AC66}.Debug|Mixed Platforms.Build.0 = Debug|Any CPU
		{15A898A0-FD93-4A33-9D9E-BB19E825AC66}.Debug|x86.ActiveCfg = Debug|Any CPU
		{15A898A0-FD93-4A33-9D9E-BB19E825AC66}.Debug|x86.Build.0 = Debug|Any CPU
		{15A898A0-FD93-4A33-9D9E-BB19E825AC66}.Release|Any CPU.ActiveCfg = Release|Any CPU
		{15A898A0-FD93-4A33-9D9E-BB19E825AC66}.Release|Any CPU.Build.0 = Release|Any CPU
		{15A898A0-FD93-4A33-9D9E-BB19E825AC66}.Release|Mixed Platforms.ActiveCfg = Release|Any CPU
		{15A898A0-FD93-4A33-9D9E-BB19E825AC66}.Release|Mixed Platforms.Build.0 = Release|Any CPU
		{15A898A0-FD93-4A33-9D9E-BB19E825AC66}.Release|x86.ActiveCfg = Release|Any CPU
		{15A898A0-FD93-4A33-9D9E-BB19E825AC66}.Release|x86.Build.0 = Release|Any CPU
		{66278250-0CDF-4B2B-ACBA-1B264AF58721}.CodeAnalysis|Any CPU.ActiveCfg = Debug|Any CPU
		{66278250-0CDF-4B2B-ACBA-1B264AF58721}.CodeAnalysis|Any CPU.Build.0 = Debug|Any CPU
		{66278250-0CDF-4B2B-ACBA-1B264AF58721}.CodeAnalysis|Mixed Platforms.ActiveCfg = Debug|Any CPU
		{66278250-0CDF-4B2B-ACBA-1B264AF58721}.CodeAnalysis|Mixed Platforms.Build.0 = Debug|Any CPU
		{66278250-0CDF-4B2B-ACBA-1B264AF58721}.CodeAnalysis|x86.ActiveCfg = Debug|Any CPU
		{66278250-0CDF-4B2B-ACBA-1B264AF58721}.CodeAnalysis|x86.Build.0 = Debug|Any CPU
		{66278250-0CDF-4B2B-ACBA-1B264AF58721}.Debug|Any CPU.ActiveCfg = Debug|Any CPU
		{66278250-0CDF-4B2B-ACBA-1B264AF58721}.Debug|Any CPU.Build.0 = Debug|Any CPU
		{66278250-0CDF-4B2B-ACBA-1B264AF58721}.Debug|Mixed Platforms.ActiveCfg = Debug|Any CPU
		{66278250-0CDF-4B2B-ACBA-1B264AF58721}.Debug|Mixed Platforms.Build.0 = Debug|Any CPU
		{66278250-0CDF-4B2B-ACBA-1B264AF58721}.Debug|x86.ActiveCfg = Debug|Any CPU
		{66278250-0CDF-4B2B-ACBA-1B264AF58721}.Debug|x86.Build.0 = Debug|Any CPU
		{66278250-0CDF-4B2B-ACBA-1B264AF58721}.Release|Any CPU.ActiveCfg = Release|Any CPU
		{66278250-0CDF-4B2B-ACBA-1B264AF58721}.Release|Any CPU.Build.0 = Release|Any CPU
		{66278250-0CDF-4B2B-ACBA-1B264AF58721}.Release|Mixed Platforms.ActiveCfg = Release|Any CPU
		{66278250-0CDF-4B2B-ACBA-1B264AF58721}.Release|Mixed Platforms.Build.0 = Release|Any CPU
		{66278250-0CDF-4B2B-ACBA-1B264AF58721}.Release|x86.ActiveCfg = Release|Any CPU
		{66278250-0CDF-4B2B-ACBA-1B264AF58721}.Release|x86.Build.0 = Release|Any CPU
		{8B209117-BA59-4645-AE05-8F3F1281E71A}.CodeAnalysis|Any CPU.ActiveCfg = Debug|Any CPU
		{8B209117-BA59-4645-AE05-8F3F1281E71A}.CodeAnalysis|Any CPU.Build.0 = Debug|Any CPU
		{8B209117-BA59-4645-AE05-8F3F1281E71A}.CodeAnalysis|Mixed Platforms.ActiveCfg = Debug|Any CPU
		{8B209117-BA59-4645-AE05-8F3F1281E71A}.CodeAnalysis|Mixed Platforms.Build.0 = Debug|Any CPU
		{8B209117-BA59-4645-AE05-8F3F1281E71A}.CodeAnalysis|x86.ActiveCfg = Debug|Any CPU
		{8B209117-BA59-4645-AE05-8F3F1281E71A}.CodeAnalysis|x86.Build.0 = Debug|Any CPU
		{8B209117-BA59-4645-AE05-8F3F1281E71A}.Debug|Any CPU.ActiveCfg = Debug|Any CPU
		{8B209117-BA59-4645-AE05-8F3F1281E71A}.Debug|Any CPU.Build.0 = Debug|Any CPU
		{8B209117-BA59-4645-AE05-8F3F1281E71A}.Debug|Mixed Platforms.ActiveCfg = Debug|Any CPU
		{8B209117-BA59-4645-AE05-8F3F1281E71A}.Debug|Mixed Platforms.Build.0 = Debug|Any CPU
		{8B209117-BA59-4645-AE05-8F3F1281E71A}.Debug|x86.ActiveCfg = Debug|Any CPU
		{8B209117-BA59-4645-AE05-8F3F1281E71A}.Debug|x86.Build.0 = Debug|Any CPU
		{8B209117-BA59-4645-AE05-8F3F1281E71A}.Release|Any CPU.ActiveCfg = Release|Any CPU
		{8B209117-BA59-4645-AE05-8F3F1281E71A}.Release|Any CPU.Build.0 = Release|Any CPU
		{8B209117-BA59-4645-AE05-8F3F1281E71A}.Release|Mixed Platforms.ActiveCfg = Release|Any CPU
		{8B209117-BA59-4645-AE05-8F3F1281E71A}.Release|Mixed Platforms.Build.0 = Release|Any CPU
		{8B209117-BA59-4645-AE05-8F3F1281E71A}.Release|x86.ActiveCfg = Release|Any CPU
		{8B209117-BA59-4645-AE05-8F3F1281E71A}.Release|x86.Build.0 = Release|Any CPU
		{5EB65DEA-7270-4BB9-A888-0AA6A319BD62}.CodeAnalysis|Any CPU.ActiveCfg = Debug|Any CPU
		{5EB65DEA-7270-4BB9-A888-0AA6A319BD62}.CodeAnalysis|Any CPU.Build.0 = Debug|Any CPU
		{5EB65DEA-7270-4BB9-A888-0AA6A319BD62}.CodeAnalysis|Mixed Platforms.ActiveCfg = Debug|Any CPU
		{5EB65DEA-7270-4BB9-A888-0AA6A319BD62}.CodeAnalysis|Mixed Platforms.Build.0 = Debug|Any CPU
		{5EB65DEA-7270-4BB9-A888-0AA6A319BD62}.CodeAnalysis|x86.ActiveCfg = Debug|Any CPU
		{5EB65DEA-7270-4BB9-A888-0AA6A319BD62}.CodeAnalysis|x86.Build.0 = Debug|Any CPU
		{5EB65DEA-7270-4BB9-A888-0AA6A319BD62}.Debug|Any CPU.ActiveCfg = Debug|Any CPU
		{5EB65DEA-7270-4BB9-A888-0AA6A319BD62}.Debug|Any CPU.Build.0 = Debug|Any CPU
		{5EB65DEA-7270-4BB9-A888-0AA6A319BD62}.Debug|Mixed Platforms.ActiveCfg = Debug|Any CPU
		{5EB65DEA-7270-4BB9-A888-0AA6A319BD62}.Debug|Mixed Platforms.Build.0 = Debug|Any CPU
		{5EB65DEA-7270-4BB9-A888-0AA6A319BD62}.Debug|x86.ActiveCfg = Debug|Any CPU
		{5EB65DEA-7270-4BB9-A888-0AA6A319BD62}.Debug|x86.Build.0 = Debug|Any CPU
		{5EB65DEA-7270-4BB9-A888-0AA6A319BD62}.Release|Any CPU.ActiveCfg = Release|Any CPU
		{5EB65DEA-7270-4BB9-A888-0AA6A319BD62}.Release|Any CPU.Build.0 = Release|Any CPU
		{5EB65DEA-7270-4BB9-A888-0AA6A319BD62}.Release|Mixed Platforms.ActiveCfg = Release|Any CPU
		{5EB65DEA-7270-4BB9-A888-0AA6A319BD62}.Release|Mixed Platforms.Build.0 = Release|Any CPU
		{5EB65DEA-7270-4BB9-A888-0AA6A319BD62}.Release|x86.ActiveCfg = Release|Any CPU
		{5EB65DEA-7270-4BB9-A888-0AA6A319BD62}.Release|x86.Build.0 = Release|Any CPU
	EndGlobalSection
	GlobalSection(SolutionProperties) = preSolution
		HideSolutionNode = FALSE
	EndGlobalSection
	GlobalSection(NestedProjects) = preSolution
		{71E63722-57BC-41DF-9FF5-57ECC67E4BC1} = {0124322E-2731-48E8-910C-957E37181628}
		{AA08ECFA-2AD6-4B0C-86B9-C5D8754A2073} = {0124322E-2731-48E8-910C-957E37181628}
		{F4ACD412-2782-4191-8708-C7AE99B0CEE9} = {0124322E-2731-48E8-910C-957E37181628}
		{48196125-9AE3-40E5-8E0D-431B85083B7D} = {0124322E-2731-48E8-910C-957E37181628}
		{F54C8A50-8AB5-4F7E-A255-D6645A457E02} = {0124322E-2731-48E8-910C-957E37181628}
		{43BA178B-7642-473C-A43A-DBF58294635A} = {0124322E-2731-48E8-910C-957E37181628}
		{1072EFEA-8282-47AB-A5B8-9D97A08B5BDD} = {E693EAA4-7798-41E5-BC17-AC162C89C004}
		{136283DC-C7B2-4B42-8592-60071982441A} = {E693EAA4-7798-41E5-BC17-AC162C89C004}
		{87545177-C0E1-4765-BDFA-493F03564CAD} = {E693EAA4-7798-41E5-BC17-AC162C89C004}
		{B62FD524-D7B7-456C-BDD3-F7EE0D36140C} = {B7F21A53-D29E-4015-ABEA-BD396FFBA5B9}
		{622FE6C3-FE34-4B66-A394-934FA1DF7918} = {0124322E-2731-48E8-910C-957E37181628}
		{833B2D9E-DFA7-4F2E-842A-ABB894F5EB57} = {0124322E-2731-48E8-910C-957E37181628}
		{D8030B9E-7F2E-4ECD-B3FB-2609C9341C09} = {B7F21A53-D29E-4015-ABEA-BD396FFBA5B9}
		{29B405E3-D449-4691-8149-1A3B6D336430} = {B7F21A53-D29E-4015-ABEA-BD396FFBA5B9}
		{15A898A0-FD93-4A33-9D9E-BB19E825AC66} = {B7F21A53-D29E-4015-ABEA-BD396FFBA5B9}
		{66278250-0CDF-4B2B-ACBA-1B264AF58721} = {6494F433-5ABC-498C-B1C3-6D755F344A7C}
		{8B209117-BA59-4645-AE05-8F3F1281E71A} = {6494F433-5ABC-498C-B1C3-6D755F344A7C}
		{5EB65DEA-7270-4BB9-A888-0AA6A319BD62} = {6494F433-5ABC-498C-B1C3-6D755F344A7C}
	EndGlobalSection
	GlobalSection(ExtensibilityGlobals) = postSolution
		SolutionGuid = {4B8D1BEA-EAAA-484D-B00D-1D23226A5A90}
	EndGlobalSection
	GlobalSection(TestCaseManagementSettings) = postSolution
		CategoryFile = Rhetos.vsmdi
	EndGlobalSection
EndGlobal
